
Microsoft Visual Studio Solution File, Format Version 12.00
# Visual Studio 14
VisualStudioVersion = 14.0.23107.0
MinimumVisualStudioVersion = 10.0.40219.1
Project("{FAE04EC0-301F-11D3-BF4B-00C04F79EFBC}") = "Carhelper.App", "Carhelper.App\Carhelper.App.csproj", "{FB27663A-3D76-4D4B-A1F3-323F8226E07E}"
EndProject
Global
	GlobalSection(SolutionConfigurationPlatforms) = preSolution
		Debug|Any CPU = Debug|Any CPU
		Release|Any CPU = Release|Any CPU
	EndGlobalSection
	GlobalSection(ProjectConfigurationPlatforms) = postSolution
		{FB27663A-3D76-4D4B-A1F3-323F8226E07E}.Debug|Any CPU.ActiveCfg = Debug|Any CPU
		{FB27663A-3D76-4D4B-A1F3-323F8226E07E}.Debug|Any CPU.Build.0 = Debug|Any CPU
		{FB27663A-3D76-4D4B-A1F3-323F8226E07E}.Release|Any CPU.ActiveCfg = Release|Any CPU
		{FB27663A-3D76-4D4B-A1F3-323F8226E07E}.Release|Any CPU.Build.0 = Release|Any CPU
	EndGlobalSection
	GlobalSection(SolutionProperties) = preSolution
		HideSolutionNode = FALSE
	EndGlobalSection
	GlobalSection(TeamFoundationVersionControl) = preSolution
		SccNumberOfProjects = 2
		SccEnterpriseProvider = {4CA58AB2-18FA-4F8D-95D4-32DDF27D184C}
		SccTeamFoundationServer = https://group3teamup.visualstudio.com/defaultcollection
		SccLocalPath0 = .
		SccProjectUniqueName1 = Carhelper.App\\Carhelper.App.csproj
		SccProjectName1 = Carhelper.App
		SccLocalPath1 = Carhelper.App
	EndGlobalSection
EndGlobal
